
Microsoft Visual Studio Solution File, Format Version 12.00
# Visual Studio Version 17
VisualStudioVersion = 17.5.33502.453
MinimumVisualStudioVersion = 10.0.40219.1
Project("{8BC9CEB8-8B4A-11D0-8D11-00A0C91BC942}") = "ActivityStructure_130", "ActivityStructure_130\ActivityStructure_130.vcxproj", "{32A614FA-F236-427A-811B-8071568CB48C}"
EndProject
Project("{8BC9CEB8-8B4A-11D0-8D11-00A0C91BC942}") = "Sttucture2_130", "Sttucture2_130\Sttucture2_130.vcxproj", "{7FE64A76-C81A-4B1C-8C44-02306EE92417}"
EndProject
Project("{8BC9CEB8-8B4A-11D0-8D11-00A0C91BC942}") = "structure3_130", "structure3_130\structure3_130.vcxproj", "{3982DDF1-DC3B-48D6-A20F-5ED65DDBD2AB}"
EndProject
Global
	GlobalSection(SolutionConfigurationPlatforms) = preSolution
		Debug|x64 = Debug|x64
		Debug|x86 = Debug|x86
		Release|x64 = Release|x64
		Release|x86 = Release|x86
	EndGlobalSection
	GlobalSection(ProjectConfigurationPlatforms) = postSolution
		{32A614FA-F236-427A-811B-8071568CB48C}.Debug|x64.ActiveCfg = Debug|x64
		{32A614FA-F236-427A-811B-8071568CB48C}.Debug|x64.Build.0 = Debug|x64
		{32A614FA-F236-427A-811B-8071568CB48C}.Debug|x86.ActiveCfg = Debug|Win32
		{32A614FA-F236-427A-811B-8071568CB48C}.Debug|x86.Build.0 = Debug|Win32
		{32A614FA-F236-427A-811B-8071568CB48C}.Release|x64.ActiveCfg = Release|x64
		{32A614FA-F236-427A-811B-8071568CB48C}.Release|x64.Build.0 = Release|x64
		{32A614FA-F236-427A-811B-8071568CB48C}.Release|x86.ActiveCfg = Release|Win32
		{32A614FA-F236-427A-811B-8071568CB48C}.Release|x86.Build.0 = Release|Win32
		{7FE64A76-C81A-4B1C-8C44-02306EE92417}.Debug|x64.ActiveCfg = Debug|x64
		{7FE64A76-C81A-4B1C-8C44-02306EE92417}.Debug|x64.Build.0 = Debug|x64
		{7FE64A76-C81A-4B1C-8C44-02306EE92417}.Debug|x86.ActiveCfg = Debug|Win32
		{7FE64A76-C81A-4B1C-8C44-02306EE92417}.Debug|x86.Build.0 = Debug|Win32
		{7FE64A76-C81A-4B1C-8C44-02306EE92417}.Release|x64.ActiveCfg = Release|x64
		{7FE64A76-C81A-4B1C-8C44-02306EE92417}.Release|x64.Build.0 = Release|x64
		{7FE64A76-C81A-4B1C-8C44-02306EE92417}.Release|x86.ActiveCfg = Release|Win32
		{7FE64A76-C81A-4B1C-8C44-02306EE92417}.Release|x86.Build.0 = Release|Win32
		{3982DDF1-DC3B-48D6-A20F-5ED65DDBD2AB}.Debug|x64.ActiveCfg = Debug|x64
		{3982DDF1-DC3B-48D6-A20F-5ED65DDBD2AB}.Debug|x64.Build.0 = Debug|x64
		{3982DDF1-DC3B-48D6-A20F-5ED65DDBD2AB}.Debug|x86.ActiveCfg = Debug|Win32
		{3982DDF1-DC3B-48D6-A20F-5ED65DDBD2AB}.Debug|x86.Build.0 = Debug|Win32
		{3982DDF1-DC3B-48D6-A20F-5ED65DDBD2AB}.Release|x64.ActiveCfg = Release|x64
		{3982DDF1-DC3B-48D6-A20F-5ED65DDBD2AB}.Release|x64.Build.0 = Release|x64
		{3982DDF1-DC3B-48D6-A20F-5ED65DDBD2AB}.Release|x86.ActiveCfg = Release|Win32
		{3982DDF1-DC3B-48D6-A20F-5ED65DDBD2AB}.Release|x86.Build.0 = Release|Win32
	EndGlobalSection
	GlobalSection(SolutionProperties) = preSolution
		HideSolutionNode = FALSE
	EndGlobalSection
	GlobalSection(ExtensibilityGlobals) = postSolution
		SolutionGuid = {ACCF380E-B8F8-4D57-AB43-1EA5A56C74E2}
	EndGlobalSection
EndGlobal
